// !$*UTF8*$!
{
	archiveVersion = 1;
	classes = {
	};
	objectVersion = 46;
	objects = {

/* Begin PBXBuildFile section */
		2806BC321BF0FCAF003E7948 /* main.m in Sources */ = {isa = PBXBuildFile; fileRef = 2806BC311BF0FCAF003E7948 /* main.m */; };
		2806BC351BF0FCAF003E7948 /* AppDelegate.m in Sources */ = {isa = PBXBuildFile; fileRef = 2806BC341BF0FCAF003E7948 /* AppDelegate.m */; };
		2806BC381BF0FCAF003E7948 /* ViewController.m in Sources */ = {isa = PBXBuildFile; fileRef = 2806BC371BF0FCAF003E7948 /* ViewController.m */; };
		2806BC3B1BF0FCAF003E7948 /* Main.storyboard in Resources */ = {isa = PBXBuildFile; fileRef = 2806BC391BF0FCAF003E7948 /* Main.storyboard */; };
		2806BC3D1BF0FCAF003E7948 /* Assets.xcassets in Resources */ = {isa = PBXBuildFile; fileRef = 2806BC3C1BF0FCAF003E7948 /* Assets.xcassets */; };
		2806BC401BF0FCAF003E7948 /* LaunchScreen.storyboard in Resources */ = {isa = PBXBuildFile; fileRef = 2806BC3E1BF0FCAF003E7948 /* LaunchScreen.storyboard */; };
		2806BC4B1BF0FCAF003E7948 /* MMAllInPaySDKTests.m in Sources */ = {isa = PBXBuildFile; fileRef = 2806BC4A1BF0FCAF003E7948 /* MMAllInPaySDKTests.m */; };
		2806BC561BF0FCAF003E7948 /* MMAllInPaySDKUITests.m in Sources */ = {isa = PBXBuildFile; fileRef = 2806BC551BF0FCAF003E7948 /* MMAllInPaySDKUITests.m */; };
/* End PBXBuildFile section */

/* Begin PBXContainerItemProxy section */
		2806BC471BF0FCAF003E7948 /* PBXContainerItemProxy */ = {
			isa = PBXContainerItemProxy;
			containerPortal = 2806BC251BF0FCAF003E7948 /* Project object */;
			proxyType = 1;
			remoteGlobalIDString = 2806BC2C1BF0FCAF003E7948;
			remoteInfo = MMAllInPaySDK;
		};
		2806BC521BF0FCAF003E7948 /* PBXContainerItemProxy */ = {
			isa = PBXContainerItemProxy;
			containerPortal = 2806BC251BF0FCAF003E7948 /* Project object */;
			proxyType = 1;
			remoteGlobalIDString = 2806BC2C1BF0FCAF003E7948;
			remoteInfo = MMAllInPaySDK;
		};
/* End PBXContainerItemProxy section */

/* Begin PBXFileReference section */
		2806BC2D1BF0FCAF003E7948 /* MMAllInPaySDK.app */ = {isa = PBXFileReference; explicitFileType = wrapper.application; includeInIndex = 0; path = MMAllInPaySDK.app; sourceTree = BUILT_PRODUCTS_DIR; };
		2806BC311BF0FCAF003E7948 /* main.m */ = {isa = PBXFileReference; lastKnownFileType = sourcecode.c.objc; path = main.m; sourceTree = "<group>"; };
		2806BC331BF0FCAF003E7948 /* AppDelegate.h */ = {isa = PBXFileReference; lastKnownFileType = sourcecode.c.h; path = AppDelegate.h; sourceTree = "<group>"; };
		2806BC341BF0FCAF003E7948 /* AppDelegate.m */ = {isa = PBXFileReference; lastKnownFileType = sourcecode.c.objc; path = AppDelegate.m; sourceTree = "<group>"; };
		2806BC361BF0FCAF003E7948 /* ViewController.h */ = {isa = PBXFileReference; lastKnownFileType = sourcecode.c.h; path = ViewController.h; sourceTree = "<group>"; };
		2806BC371BF0FCAF003E7948 /* ViewController.m */ = {isa = PBXFileReference; lastKnownFileType = sourcecode.c.objc; path = ViewController.m; sourceTree = "<group>"; };
		2806BC3A1BF0FCAF003E7948 /* Base */ = {isa = PBXFileReference; lastKnownFileType = file.storyboard; name = Base; path = Base.lproj/Main.storyboard; sourceTree = "<group>"; };
		2806BC3C1BF0FCAF003E7948 /* Assets.xcassets */ = {isa = PBXFileReference; lastKnownFileType = folder.assetcatalog; path = Assets.xcassets; sourceTree = "<group>"; };
		2806BC3F1BF0FCAF003E7948 /* Base */ = {isa = PBXFileReference; lastKnownFileType = file.storyboard; name = Base; path = Base.lproj/LaunchScreen.storyboard; sourceTree = "<group>"; };
		2806BC411BF0FCAF003E7948 /* Info.plist */ = {isa = PBXFileReference; lastKnownFileType = text.plist.xml; path = Info.plist; sourceTree = "<group>"; };
		2806BC461BF0FCAF003E7948 /* MMAllInPaySDKTests.xctest */ = {isa = PBXFileReference; explicitFileType = wrapper.cfbundle; includeInIndex = 0; path = MMAllInPaySDKTests.xctest; sourceTree = BUILT_PRODUCTS_DIR; };
		2806BC4A1BF0FCAF003E7948 /* MMAllInPaySDKTests.m */ = {isa = PBXFileReference; lastKnownFileType = sourcecode.c.objc; path = MMAllInPaySDKTests.m; sourceTree = "<group>"; };
		2806BC4C1BF0FCAF003E7948 /* Info.plist */ = {isa = PBXFileReference; lastKnownFileType = text.plist.xml; path = Info.plist; sourceTree = "<group>"; };
		2806BC511BF0FCAF003E7948 /* MMAllInPaySDKUITests.xctest */ = {isa = PBXFileReference; explicitFileType = wrapper.cfbundle; includeInIndex = 0; path = MMAllInPaySDKUITests.xctest; sourceTree = BUILT_PRODUCTS_DIR; };
		2806BC551BF0FCAF003E7948 /* MMAllInPaySDKUITests.m */ = {isa = PBXFileReference; lastKnownFileType = sourcecode.c.objc; path = MMAllInPaySDKUITests.m; sourceTree = "<group>"; };
		2806BC571BF0FCAF003E7948 /* Info.plist */ = {isa = PBXFileReference; lastKnownFileType = text.plist.xml; path = Info.plist; sourceTree = "<group>"; };
/* End PBXFileReference section */

/* Begin PBXFrameworksBuildPhase section */
		2806BC2A1BF0FCAF003E7948 /* Frameworks */ = {
			isa = PBXFrameworksBuildPhase;
			buildActionMask = 2147483647;
			files = (
			);
			runOnlyForDeploymentPostprocessing = 0;
		};
		2806BC431BF0FCAF003E7948 /* Frameworks */ = {
			isa = PBXFrameworksBuildPhase;
			buildActionMask = 2147483647;
			files = (
			);
			runOnlyForDeploymentPostprocessing = 0;
		};
		2806BC4E1BF0FCAF003E7948 /* Frameworks */ = {
			isa = PBXFrameworksBuildPhase;
			buildActionMask = 2147483647;
			files = (
			);
			runOnlyForDeploymentPostprocessing = 0;
		};
/* End PBXFrameworksBuildPhase section */

/* Begin PBXGroup section */
		2806BC241BF0FCAF003E7948 = {
			isa = PBXGroup;
			children = (
				2806BC2F1BF0FCAF003E7948 /* MMAllInPaySDK */,
				2806BC491BF0FCAF003E7948 /* MMAllInPaySDKTests */,
				2806BC541BF0FCAF003E7948 /* MMAllInPaySDKUITests */,
				2806BC2E1BF0FCAF003E7948 /* Products */,
			);
			sourceTree = "<group>";
		};
		2806BC2E1BF0FCAF003E7948 /* Products */ = {
			isa = PBXGroup;
			children = (
				2806BC2D1BF0FCAF003E7948 /* MMAllInPaySDK.app */,
				2806BC461BF0FCAF003E7948 /* MMAllInPaySDKTests.xctest */,
				2806BC511BF0FCAF003E7948 /* MMAllInPaySDKUITests.xctest */,
			);
			name = Products;
			sourceTree = "<group>";
		};
		2806BC2F1BF0FCAF003E7948 /* MMAllInPaySDK */ = {
			isa = PBXGroup;
			children = (
				2806BC331BF0FCAF003E7948 /* AppDelegate.h */,
				2806BC341BF0FCAF003E7948 /* AppDelegate.m */,
				2806BC361BF0FCAF003E7948 /* ViewController.h */,
				2806BC371BF0FCAF003E7948 /* ViewController.m */,
				2806BC391BF0FCAF003E7948 /* Main.storyboard */,
				2806BC3C1BF0FCAF003E7948 /* Assets.xcassets */,
				2806BC3E1BF0FCAF003E7948 /* LaunchScreen.storyboard */,
				2806BC411BF0FCAF003E7948 /* Info.plist */,
				2806BC301BF0FCAF003E7948 /* Supporting Files */,
			);
			path = MMAllInPaySDK;
			sourceTree = "<group>";
		};
		2806BC301BF0FCAF003E7948 /* Supporting Files */ = {
			isa = PBXGroup;
			children = (
				2806BC311BF0FCAF003E7948 /* main.m */,
			);
			name = "Supporting Files";
			sourceTree = "<group>";
		};
		2806BC491BF0FCAF003E7948 /* MMAllInPaySDKTests */ = {
			isa = PBXGroup;
			children = (
				2806BC4A1BF0FCAF003E7948 /* MMAllInPaySDKTests.m */,
				2806BC4C1BF0FCAF003E7948 /* Info.plist */,
			);
			path = MMAllInPaySDKTests;
			sourceTree = "<group>";
		};
		2806BC541BF0FCAF003E7948 /* MMAllInPaySDKUITests */ = {
			isa = PBXGroup;
			children = (
				2806BC551BF0FCAF003E7948 /* MMAllInPaySDKUITests.m */,
				2806BC571BF0FCAF003E7948 /* Info.plist */,
			);
			path = MMAllInPaySDKUITests;
			sourceTree = "<group>";
		};
/* End PBXGroup section */

/* Begin PBXNativeTarget section */
		2806BC2C1BF0FCAF003E7948 /* MMAllInPaySDK */ = {
			isa = PBXNativeTarget;
			buildConfigurationList = 2806BC5A1BF0FCAF003E7948 /* Build configuration list for PBXNativeTarget "MMAllInPaySDK" */;
			buildPhases = (
				2806BC291BF0FCAF003E7948 /* Sources */,
				2806BC2A1BF0FCAF003E7948 /* Frameworks */,
				2806BC2B1BF0FCAF003E7948 /* Resources */,
			);
			buildRules = (
			);
			dependencies = (
			);
			name = MMAllInPaySDK;
			productName = MMAllInPaySDK;
			productReference = 2806BC2D1BF0FCAF003E7948 /* MMAllInPaySDK.app */;
			productType = "com.apple.product-type.application";
		};
		2806BC451BF0FCAF003E7948 /* MMAllInPaySDKTests */ = {
			isa = PBXNativeTarget;
			buildConfigurationList = 2806BC5D1BF0FCAF003E7948 /* Build configuration list for PBXNativeTarget "MMAllInPaySDKTests" */;
			buildPhases = (
				2806BC421BF0FCAF003E7948 /* Sources */,
				2806BC431BF0FCAF003E7948 /* Frameworks */,
				2806BC441BF0FCAF003E7948 /* Resources */,
			);
			buildRules = (
			);
			dependencies = (
				2806BC481BF0FCAF003E7948 /* PBXTargetDependency */,
			);
			name = MMAllInPaySDKTests;
			productName = MMAllInPaySDKTests;
			productReference = 2806BC461BF0FCAF003E7948 /* MMAllInPaySDKTests.xctest */;
			productType = "com.apple.product-type.bundle.unit-test";
		};
		2806BC501BF0FCAF003E7948 /* MMAllInPaySDKUITests */ = {
			isa = PBXNativeTarget;
			buildConfigurationList = 2806BC601BF0FCAF003E7948 /* Build configuration list for PBXNativeTarget "MMAllInPaySDKUITests" */;
			buildPhases = (
				2806BC4D1BF0FCAF003E7948 /* Sources */,
				2806BC4E1BF0FCAF003E7948 /* Frameworks */,
				2806BC4F1BF0FCAF003E7948 /* Resources */,
			);
			buildRules = (
			);
			dependencies = (
				2806BC531BF0FCAF003E7948 /* PBXTargetDependency */,
			);
			name = MMAllInPaySDKUITests;
			productName = MMAllInPaySDKUITests;
			productReference = 2806BC511BF0FCAF003E7948 /* MMAllInPaySDKUITests.xctest */;
			productType = "com.apple.product-type.bundle.ui-testing";
		};
/* End PBXNativeTarget section */

/* Begin PBXProject section */
		2806BC251BF0FCAF003E7948 /* Project object */ = {
			isa = PBXProject;
			attributes = {
				LastUpgradeCheck = 0710;
				ORGANIZATIONNAME = LongXiTechhnology;
				TargetAttributes = {
					2806BC2C1BF0FCAF003E7948 = {
						CreatedOnToolsVersion = 7.1;
					};
					2806BC451BF0FCAF003E7948 = {
						CreatedOnToolsVersion = 7.1;
						TestTargetID = 2806BC2C1BF0FCAF003E7948;
					};
					2806BC501BF0FCAF003E7948 = {
						CreatedOnToolsVersion = 7.1;
						TestTargetID = 2806BC2C1BF0FCAF003E7948;
					};
				};
			};
			buildConfigurationList = 2806BC281BF0FCAF003E7948 /* Build configuration list for PBXProject "MMAllInPaySDK" */;
			compatibilityVersion = "Xcode 3.2";
			developmentRegion = English;
			hasScannedForEncodings = 0;
			knownRegions = (
				en,
				Base,
			);
			mainGroup = 2806BC241BF0FCAF003E7948;
			productRefGroup = 2806BC2E1BF0FCAF003E7948 /* Products */;
			projectDirPath = "";
			projectRoot = "";
			targets = (
				2806BC2C1BF0FCAF003E7948 /* MMAllInPaySDK */,
				2806BC451BF0FCAF003E7948 /* MMAllInPaySDKTests */,
				2806BC501BF0FCAF003E7948 /* MMAllInPaySDKUITests */,
			);
		};
/* End PBXProject section */

/* Begin PBXResourcesBuildPhase section */
		2806BC2B1BF0FCAF003E7948 /* Resources */ = {
			isa = PBXResourcesBuildPhase;
			buildActionMask = 2147483647;
			files = (
				2806BC401BF0FCAF003E7948 /* LaunchScreen.storyboard in Resources */,
				2806BC3D1BF0FCAF003E7948 /* Assets.xcassets in Resources */,
				2806BC3B1BF0FCAF003E7948 /* Main.storyboard in Resources */,
			);
			runOnlyForDeploymentPostprocessing = 0;
		};
		2806BC441BF0FCAF003E7948 /* Resources */ = {
			isa = PBXResourcesBuildPhase;
			buildActionMask = 2147483647;
			files = (
			);
			runOnlyForDeploymentPostprocessing = 0;
		};
		2806BC4F1BF0FCAF003E7948 /* Resources */ = {
			isa = PBXResourcesBuildPhase;
			buildActionMask = 2147483647;
			files = (
			);
			runOnlyForDeploymentPostprocessing = 0;
		};
/* End PBXResourcesBuildPhase section */

/* Begin PBXSourcesBuildPhase section */
		2806BC291BF0FCAF003E7948 /* Sources */ = {
			isa = PBXSourcesBuildPhase;
			buildActionMask = 2147483647;
			files = (
				2806BC381BF0FCAF003E7948 /* ViewController.m in Sources */,
				2806BC351BF0FCAF003E7948 /* AppDelegate.m in Sources */,
				2806BC321BF0FCAF003E7948 /* main.m in Sources */,
			);
			runOnlyForDeploymentPostprocessing = 0;
		};
		2806BC421BF0FCAF003E7948 /* Sources */ = {
			isa = PBXSourcesBuildPhase;
			buildActionMask = 2147483647;
			files = (
				2806BC4B1BF0FCAF003E7948 /* MMAllInPaySDKTests.m in Sources */,
			);
			runOnlyForDeploymentPostprocessing = 0;
		};
		2806BC4D1BF0FCAF003E7948 /* Sources */ = {
			isa = PBXSourcesBuildPhase;
			buildActionMask = 2147483647;
			files = (
				2806BC561BF0FCAF003E7948 /* MMAllInPaySDKUITests.m in Sources */,
			);
			runOnlyForDeploymentPostprocessing = 0;
		};
/* End PBXSourcesBuildPhase section */

/* Begin PBXTargetDependency section */
		2806BC481BF0FCAF003E7948 /* PBXTargetDependency */ = {
			isa = PBXTargetDependency;
			target = 2806BC2C1BF0FCAF003E7948 /* MMAllInPaySDK */;
			targetProxy = 2806BC471BF0FCAF003E7948 /* PBXContainerItemProxy */;
		};
		2806BC531BF0FCAF003E7948 /* PBXTargetDependency */ = {
			isa = PBXTargetDependency;
			target = 2806BC2C1BF0FCAF003E7948 /* MMAllInPaySDK */;
			targetProxy = 2806BC521BF0FCAF003E7948 /* PBXContainerItemProxy */;
		};
/* End PBXTargetDependency section */

/* Begin PBXVariantGroup section */
		2806BC391BF0FCAF003E7948 /* Main.storyboard */ = {
			isa = PBXVariantGroup;
			children = (
				2806BC3A1BF0FCAF003E7948 /* Base */,
			);
			name = Main.storyboard;
			sourceTree = "<group>";
		};
		2806BC3E1BF0FCAF003E7948 /* LaunchScreen.storyboard */ = {
			isa = PBXVariantGroup;
			children = (
				2806BC3F1BF0FCAF003E7948 /* Base */,
			);
			name = LaunchScreen.storyboard;
			sourceTree = "<group>";
		};
/* End PBXVariantGroup section */

/* Begin XCBuildConfiguration section */
		2806BC581BF0FCAF003E7948 /* Debug */ = {
			isa = XCBuildConfiguration;
			buildSettings = {
				ALWAYS_SEARCH_USER_PATHS = NO;
				CLANG_CXX_LANGUAGE_STANDARD = "gnu++0x";
				CLANG_CXX_LIBRARY = "libc++";
				CLANG_ENABLE_MODULES = YES;
				CLANG_ENABLE_OBJC_ARC = YES;
				CLANG_WARN_BOOL_CONVERSION = YES;
				CLANG_WARN_CONSTANT_CONVERSION = YES;
				CLANG_WARN_DIRECT_OBJC_ISA_USAGE = YES_ERROR;
				CLANG_WARN_EMPTY_BODY = YES;
				CLANG_WARN_ENUM_CONVERSION = YES;
				CLANG_WARN_INT_CONVERSION = YES;
				CLANG_WARN_OBJC_ROOT_CLASS = YES_ERROR;
				CLANG_WARN_UNREACHABLE_CODE = YES;
				CLANG_WARN__DUPLICATE_METHOD_MATCH = YES;
				"CODE_SIGN_IDENTITY[sdk=iphoneos*]" = "iPhone Developer";
				COPY_PHASE_STRIP = NO;
				DEBUG_INFORMATION_FORMAT = dwarf;
				ENABLE_STRICT_OBJC_MSGSEND = YES;
				ENABLE_TESTABILITY = YES;
				GCC_C_LANGUAGE_STANDARD = gnu99;
				GCC_DYNAMIC_NO_PIC = NO;
				GCC_NO_COMMON_BLOCKS = YES;
				GCC_OPTIMIZATION_LEVEL = 0;
				GCC_PREPROCESSOR_DEFINITIONS = (
					"DEBUG=1",
					"$(inherited)",
				);
				GCC_WARN_64_TO_32_BIT_CONVERSION = YES;
				GCC_WARN_ABOUT_RETURN_TYPE = YES_ERROR;
				GCC_WARN_UNDECLARED_SELECTOR = YES;
				GCC_WARN_UNINITIALIZED_AUTOS = YES_AGGRESSIVE;
				GCC_WARN_UNUSED_FUNCTION = YES;
				GCC_WARN_UNUSED_VARIABLE = YES;
				IPHONEOS_DEPLOYMENT_TARGET = 9.1;
				MTL_ENABLE_DEBUG_INFO = YES;
				ONLY_ACTIVE_ARCH = YES;
				SDKROOT = iphoneos;
			};
			name = Debug;
		};
		2806BC591BF0FCAF003E7948 /* Release */ = {
			isa = XCBuildConfiguration;
			buildSettings = {
				ALWAYS_SEARCH_USER_PATHS = NO;
				CLANG_CXX_LANGUAGE_STANDARD = "gnu++0x";
				CLANG_CXX_LIBRARY = "libc++";
				CLANG_ENABLE_MODULES = YES;
				CLANG_ENABLE_OBJC_ARC = YES;
				CLANG_WARN_BOOL_CONVERSION = YES;
				CLANG_WARN_CONSTANT_CONVERSION = YES;
				CLANG_WARN_DIRECT_OBJC_ISA_USAGE = YES_ERROR;
				CLANG_WARN_EMPTY_BODY = YES;
				CLANG_WARN_ENUM_CONVERSION = YES;
				CLANG_WARN_INT_CONVERSION = YES;
				CLANG_WARN_OBJC_ROOT_CLASS = YES_ERROR;
				CLANG_WARN_UNREACHABLE_CODE = YES;
				CLANG_WARN__DUPLICATE_METHOD_MATCH = YES;
				"CODE_SIGN_IDENTITY[sdk=iphoneos*]" = "iPhone Developer";
				COPY_PHASE_STRIP = NO;
				DEBUG_INFORMATION_FORMAT = "dwarf-with-dsym";
				ENABLE_NS_ASSERTIONS = NO;
				ENABLE_STRICT_OBJC_MSGSEND = YES;
				GCC_C_LANGUAGE_STANDARD = gnu99;
				GCC_NO_COMMON_BLOCKS = YES;
				GCC_WARN_64_TO_32_BIT_CONVERSION = YES;
				GCC_WARN_ABOUT_RETURN_TYPE = YES_ERROR;
				GCC_WARN_UNDECLARED_SELECTOR = YES;
				GCC_WARN_UNINITIALIZED_AUTOS = YES_AGGRESSIVE;
				GCC_WARN_UNUSED_FUNCTION = YES;
				GCC_WARN_UNUSED_VARIABLE = YES;
				IPHONEOS_DEPLOYMENT_TARGET = 9.1;
				MTL_ENABLE_DEBUG_INFO = NO;
				SDKROOT = iphoneos;
				VALIDATE_PRODUCT = YES;
			};
			name = Release;
		};
		2806BC5B1BF0FCAF003E7948 /* Debug */ = {
			isa = XCBuildConfiguration;
			buildSettings = {
				ASSETCATALOG_COMPILER_APPICON_NAME = AppIcon;
				INFOPLIST_FILE = MMAllInPaySDK/Info.plist;
				LD_RUNPATH_SEARCH_PATHS = "$(inherited) @executable_path/Frameworks";
				PRODUCT_BUNDLE_IDENTIFIER = com.lxit.MMAllInPaySDK;
				PRODUCT_NAME = "$(TARGET_NAME)";
			};
			name = Debug;
		};
		2806BC5C1BF0FCAF003E7948 /* Release */ = {
			isa = XCBuildConfiguration;
			buildSettings = {
				ASSETCATALOG_COMPILER_APPICON_NAME = AppIcon;
				INFOPLIST_FILE = MMAllInPaySDK/Info.plist;
				LD_RUNPATH_SEARCH_PATHS = "$(inherited) @executable_path/Frameworks";
				PRODUCT_BUNDLE_IDENTIFIER = com.lxit.MMAllInPaySDK;
				PRODUCT_NAME = "$(TARGET_NAME)";
			};
			name = Release;
		};
		2806BC5E1BF0FCAF003E7948 /* Debug */ = {
			isa = XCBuildConfiguration;
			buildSettings = {
				BUNDLE_LOADER = "$(TEST_HOST)";
				INFOPLIST_FILE = MMAllInPaySDKTests/Info.plist;
				LD_RUNPATH_SEARCH_PATHS = "$(inherited) @executable_path/Frameworks @loader_path/Frameworks";
				PRODUCT_BUNDLE_IDENTIFIER = com.lxit.MMAllInPaySDKTests;
				PRODUCT_NAME = "$(TARGET_NAME)";
				TEST_HOST = "$(BUILT_PRODUCTS_DIR)/MMAllInPaySDK.app/MMAllInPaySDK";
			};
			name = Debug;
		};
		2806BC5F1BF0FCAF003E7948 /* Release */ = {
			isa = XCBuildConfiguration;
			buildSettings = {
				BUNDLE_LOADER = "$(TEST_HOST)";
				INFOPLIST_FILE = MMAllInPaySDKTests/Info.plist;
				LD_RUNPATH_SEARCH_PATHS = "$(inherited) @executable_path/Frameworks @loader_path/Frameworks";
				PRODUCT_BUNDLE_IDENTIFIER = com.lxit.MMAllInPaySDKTests;
				PRODUCT_NAME = "$(TARGET_NAME)";
				TEST_HOST = "$(BUILT_PRODUCTS_DIR)/MMAllInPaySDK.app/MMAllInPaySDK";
			};
			name = Release;
		};
		2806BC611BF0FCAF003E7948 /* Debug */ = {
			isa = XCBuildConfiguration;
			buildSettings = {
				INFOPLIST_FILE = MMAllInPaySDKUITests/Info.plist;
				LD_RUNPATH_SEARCH_PATHS = "$(inherited) @executable_path/Frameworks @loader_path/Frameworks";
				PRODUCT_BUNDLE_IDENTIFIER = com.lxit.MMAllInPaySDKUITests;
				PRODUCT_NAME = "$(TARGET_NAME)";
				TEST_TARGET_NAME = MMAllInPaySDK;
				USES_XCTRUNNER = YES;
			};
			name = Debug;
		};
		2806BC621BF0FCAF003E7948 /* Release */ = {
			isa = XCBuildConfiguration;
			buildSettings = {
				INFOPLIST_FILE = MMAllInPaySDKUITests/Info.plist;
				LD_RUNPATH_SEARCH_PATHS = "$(inherited) @executable_path/Frameworks @loader_path/Frameworks";
				PRODUCT_BUNDLE_IDENTIFIER = com.lxit.MMAllInPaySDKUITests;
				PRODUCT_NAME = "$(TARGET_NAME)";
				TEST_TARGET_NAME = MMAllInPaySDK;
				USES_XCTRUNNER = YES;
			};
			name = Release;
		};
/* End XCBuildConfiguration section */

/* Begin XCConfigurationList section */
		2806BC281BF0FCAF003E7948 /* Build configuration list for PBXProject "MMAllInPaySDK" */ = {
			isa = XCConfigurationList;
			buildConfigurations = (
				2806BC581BF0FCAF003E7948 /* Debug */,
				2806BC591BF0FCAF003E7948 /* Release */,
			);
			defaultConfigurationIsVisible = 0;
			defaultConfigurationName = Release;
		};
		2806BC5A1BF0FCAF003E7948 /* Build configuration list for PBXNativeTarget "MMAllInPaySDK" */ = {
			isa = XCConfigurationList;
			buildConfigurations = (
				2806BC5B1BF0FCAF003E7948 /* Debug */,
				2806BC5C1BF0FCAF003E7948 /* Release */,
			);
			defaultConfigurationIsVisible = 0;
		};
		2806BC5D1BF0FCAF003E7948 /* Build configuration list for PBXNativeTarget "MMAllInPaySDKTests" */ = {
			isa = XCConfigurationList;
			buildConfigurations = (
				2806BC5E1BF0FCAF003E7948 /* Debug */,
				2806BC5F1BF0FCAF003E7948 /* Release */,
			);
			defaultConfigurationIsVisible = 0;
		};
		2806BC601BF0FCAF003E7948 /* Build configuration list for PBXNativeTarget "MMAllInPaySDKUITests" */ = {
			isa = XCConfigurationList;
			buildConfigurations = (
				2806BC611BF0FCAF003E7948 /* Debug */,
				2806BC621BF0FCAF003E7948 /* Release */,
			);
			defaultConfigurationIsVisible = 0;
		};
/* End XCConfigurationList section */
	};
	rootObject = 2806BC251BF0FCAF003E7948 /* Project object */;
}
